{
  "nodes": {
    "home-manager": {
      "inputs": {
        "nixpkgs": [
          "nixpkgs"
        ]
      },
      "locked": {
        "lastModified": 1740624780,
        "narHash": "sha256-8TP61AI3QBQsjzVUQFIV8NoB5nbYfJB3iHczhBikDkU=",
        "owner": "nix-community",
        "repo": "home-manager",
        "rev": "b8869e4ead721bbd4f0d6b927e8395705d4f16e6",
        "type": "github"
      },
      "original": {
        "owner": "nix-community",
        "repo": "home-manager",
        "type": "github"
      }
    },
    "nixos-hardware": {
      "locked": {
        "lastModified": 1740646007,
        "narHash": "sha256-dMReDQobS3kqoiUCQIYI9c0imPXRZnBubX20yX/G5LE=",
        "owner": "NixOS",
        "repo": "nixos-hardware",
        "rev": "009b764ac98a3602d41fc68072eeec5d24fc0e49",
        "type": "github"
      },
      "original": {
        "owner": "NixOS",
        "ref": "master",
        "repo": "nixos-hardware",
        "type": "github"
      }
    },
    "nixpkgs": {
      "locked": {
        "lastModified": 1740367490,
        "narHash": "sha256-WGaHVAjcrv+Cun7zPlI41SerRtfknGQap281+AakSAw=",
        "owner": "nixos",
        "repo": "nixpkgs",
        "rev": "0196c0175e9191c474c26ab5548db27ef5d34b05",
        "type": "github"
      },
      "original": {
        "owner": "nixos",
        "ref": "nixos-unstable",
        "repo": "nixpkgs",
        "type": "github"
      }
    },
    "nixpkgs-unstable": {
      "locked": {
        "lastModified": 1740691528,
        "narHash": "sha256-qolvvN1V2SfcgwzTu39roKLVV4WMwpjK7ZjSxQzkDxM=",
        "owner": "nixos",
        "repo": "nixpkgs",
        "rev": "da8433bfaedbe698ffdb182e3ecdb142f0a02dcd",
        "type": "github"
      },
      "original": {
        "owner": "nixos",
        "ref": "master",
        "repo": "nixpkgs",
        "type": "github"
      }
    },
    "root": {
      "inputs": {
        "home-manager": "home-manager",
        "nixos-hardware": "nixos-hardware",
        "nixpkgs": "nixpkgs",
        "nixpkgs-unstable": "nixpkgs-unstable"
      }
    }
  },
  "root": "root",
  "version": 7
}
